
Microsoft Visual Studio Solution File, Format Version 12.00
# Visual Studio Version 17
VisualStudioVersion = 17.3.32819.101
MinimumVisualStudioVersion = 10.0.40219.1
Project("{FAE04EC0-301F-11D3-BF4B-00C04F79EFBC}") = "ShukriApplication", "ShukriApplication\ShukriApplication.csproj", "{EA719E75-F714-4BB9-9B66-5F89C7699019}"
EndProject
Global
	GlobalSection(SolutionConfigurationPlatforms) = preSolution
		Debug|Any CPU = Debug|Any CPU
		Release|Any CPU = Release|Any CPU
	EndGlobalSection
	GlobalSection(ProjectConfigurationPlatforms) = postSolution
		{EA719E75-F714-4BB9-9B66-5F89C7699019}.Debug|Any CPU.ActiveCfg = Debug|Any CPU
		{EA719E75-F714-4BB9-9B66-5F89C7699019}.Debug|Any CPU.Build.0 = Debug|Any CPU
		{EA719E75-F714-4BB9-9B66-5F89C7699019}.Release|Any CPU.ActiveCfg = Release|Any CPU
		{EA719E75-F714-4BB9-9B66-5F89C7699019}.Release|Any CPU.Build.0 = Release|Any CPU
	EndGlobalSection
	GlobalSection(SolutionProperties) = preSolution
		HideSolutionNode = FALSE
	EndGlobalSection
	GlobalSection(ExtensibilityGlobals) = postSolution
		SolutionGuid = {1A173376-24FB-4366-801F-330F2ECDFF54}
	EndGlobalSection
EndGlobal
